PODS:
  - AFNetworking (3.1.0):
    - AFNetworking/NSURLSession (= 3.1.0)
    - AFNetworking/Reachability (= 3.1.0)
    - AFNetworking/Security (= 3.1.0)
    - AFNetworking/Serialization (= 3.1.0)
    - AFNetworking/UIKit (= 3.1.0)
  - AFNetworking/NSURLSession (3.1.0):
    - AFNetworking/Reachability
    - AFNetworking/Security
    - AFNetworking/Serialization
  - AFNetworking/Reachability (3.1.0)
  - AFNetworking/Security (3.1.0)
  - AFNetworking/Serialization (3.1.0)
  - AFNetworking/UIKit (3.1.0):
    - AFNetworking/NSURLSession
  - LayerKit (0.21.0)
  - SendBirdSDK (2.2.7)

DEPENDENCIES:
  - AFNetworking
  - LayerKit
  - SendBirdSDK

SPEC CHECKSUMS:
  AFNetworking: 5e0e199f73d8626b11e79750991f5d173d1f8b67
  LayerKit: 1c1d3efd7dd1eb432230bd56253ab3ef36a25637
  SendBirdSDK: fe36b53ad37a20ef318568f63343d753fea3ee64

PODFILE CHECKSUM: 8ae4440361859a6e09621e830d7f9e35af892e75

COCOAPODS: 1.0.0
