// !$*UTF8*$!
{
	archiveVersion = 1;
	classes = {
	};
	objectVersion = 46;
	objects = {

/* Begin PBXBuildFile section */
		348F0AD667A5532ADB4D0040 /* Pods_CalmleeUITests.framework in Frameworks */ = {isa = PBXBuildFile; fileRef = F608CB24E5C5DD4AA882FD84 /* Pods_CalmleeUITests.framework */; };
		5331856E1D108A52008ED634 /* 2mins-inner-peace-stereo.mp3 in Resources */ = {isa = PBXBuildFile; fileRef = 5331856C1D108A52008ED634 /* 2mins-inner-peace-stereo.mp3 */; };
		5331856F1D108A52008ED634 /* 2mins-release-stress-stereo.mp3 in Resources */ = {isa = PBXBuildFile; fileRef = 5331856D1D108A52008ED634 /* 2mins-release-stress-stereo.mp3 */; };
		5331CD6B1CF21B8900B77A5F /* AppDelegate.swift in Sources */ = {isa = PBXBuildFile; fileRef = 5331CD6A1CF21B8900B77A5F /* AppDelegate.swift */; };
		5331CD6D1CF21B8900B77A5F /* ViewController.swift in Sources */ = {isa = PBXBuildFile; fileRef = 5331CD6C1CF21B8900B77A5F /* ViewController.swift */; };
		5331CD721CF21B8900B77A5F /* Assets.xcassets in Resources */ = {isa = PBXBuildFile; fileRef = 5331CD711CF21B8900B77A5F /* Assets.xcassets */; };
		5331CD751CF21B8900B77A5F /* LaunchScreen.storyboard in Resources */ = {isa = PBXBuildFile; fileRef = 5331CD731CF21B8900B77A5F /* LaunchScreen.storyboard */; };
		5331CD801CF21B8900B77A5F /* CalmleeTests.swift in Sources */ = {isa = PBXBuildFile; fileRef = 5331CD7F1CF21B8900B77A5F /* CalmleeTests.swift */; };
		5331CD8B1CF21B8900B77A5F /* CalmleeUITests.swift in Sources */ = {isa = PBXBuildFile; fileRef = 5331CD8A1CF21B8900B77A5F /* CalmleeUITests.swift */; };
		5331CD991CF21D6B00B77A5F /* StressMeter.swift in Sources */ = {isa = PBXBuildFile; fileRef = 5331CD981CF21D6B00B77A5F /* StressMeter.swift */; };
		5331CDA11CF2666900B77A5F /* CoreBluetooth.framework in Frameworks */ = {isa = PBXBuildFile; fileRef = 5331CDA01CF2666900B77A5F /* CoreBluetooth.framework */; };
		5331CDA31CF2669800B77A5F /* MicrosoftBandKit_iOS.framework in Frameworks */ = {isa = PBXBuildFile; fileRef = 5331CDA21CF2669800B77A5F /* MicrosoftBandKit_iOS.framework */; };
		5331CDA51CF37D8200B77A5F /* SensorComms.swift in Sources */ = {isa = PBXBuildFile; fileRef = 5331CDA41CF37D8200B77A5F /* SensorComms.swift */; };
		5336CFE41D0A0E7D00231B4A /* Notifications.swift in Sources */ = {isa = PBXBuildFile; fileRef = 5336CFE31D0A0E7D00231B4A /* Notifications.swift */; };
		5336CFE61D0A1B6500231B4A /* stressCSV.swift in Sources */ = {isa = PBXBuildFile; fileRef = 5336CFE51D0A1B6500231B4A /* stressCSV.swift */; };
		5336CFE91D0B73DD00231B4A /* MenuViewController.swift in Sources */ = {isa = PBXBuildFile; fileRef = 5336CFE81D0B73DD00231B4A /* MenuViewController.swift */; };
		5336CFEB1D0B77F500231B4A /* ProfileInMenuView.swift in Sources */ = {isa = PBXBuildFile; fileRef = 5336CFEA1D0B77F500231B4A /* ProfileInMenuView.swift */; };
		534C48971D11F7E400E12D63 /* Charts.framework in Frameworks */ = {isa = PBXBuildFile; fileRef = 534C48961D11F7E400E12D63 /* Charts.framework */; };
		534C48991D13451100E12D63 /* calmleeScoreCSV.swift in Sources */ = {isa = PBXBuildFile; fileRef = 534C48981D13451000E12D63 /* calmleeScoreCSV.swift */; };
		535089BA1D07637200A15090 /* AFNetworking.framework in Frameworks */ = {isa = PBXBuildFile; fileRef = 535089B91D07637200A15090 /* AFNetworking.framework */; };
		537D38771D0CCD0600749B05 /* SettingsViewController.swift in Sources */ = {isa = PBXBuildFile; fileRef = 537D38761D0CCD0600749B05 /* SettingsViewController.swift */; };
		537D38791D0D34BF00749B05 /* GenderRadioButton.swift in Sources */ = {isa = PBXBuildFile; fileRef = 537D38781D0D34BF00749B05 /* GenderRadioButton.swift */; };
		537D387B1D0E069A00749B05 /* RoundedRectangleButton.swift in Sources */ = {isa = PBXBuildFile; fileRef = 537D387A1D0E069A00749B05 /* RoundedRectangleButton.swift */; };
		5383C43F1D0FE996004836CA /* AudioMeter.swift in Sources */ = {isa = PBXBuildFile; fileRef = 5383C43E1D0FE996004836CA /* AudioMeter.swift */; };
		5383C4411D0FEB52004836CA /* Main.storyboard in Resources */ = {isa = PBXBuildFile; fileRef = 5383C4401D0FEB52004836CA /* Main.storyboard */; };
		538AED9C1CF61A7D00E4A29D /* LoginView.swift in Sources */ = {isa = PBXBuildFile; fileRef = 538AED9B1CF61A7D00E4A29D /* LoginView.swift */; };
		538AED9E1CF61E9500E4A29D /* LoginDetails.swift in Sources */ = {isa = PBXBuildFile; fileRef = 538AED9D1CF61E9500E4A29D /* LoginDetails.swift */; };
		538AEDA01CF6793000E4A29D /* LoginCommunications.swift in Sources */ = {isa = PBXBuildFile; fileRef = 538AED9F1CF6793000E4A29D /* LoginCommunications.swift */; };
		539B8D2F1CFE38BF00B93F85 /* SendBirdChat in Resources */ = {isa = PBXBuildFile; fileRef = 539B8D2C1CFE38BF00B93F85 /* SendBirdChat */; };
		539B8D301CFE38BF00B93F85 /* SendBirdCommon.swift in Sources */ = {isa = PBXBuildFile; fileRef = 539B8D2D1CFE38BF00B93F85 /* SendBirdCommon.swift */; };
		539B8D311CFE38BF00B93F85 /* SendBirdMessaging in Resources */ = {isa = PBXBuildFile; fileRef = 539B8D2E1CFE38BF00B93F85 /* SendBirdMessaging */; };
		539B8D331CFE3DC000B93F85 /* ChattingTableViewController.swift in Sources */ = {isa = PBXBuildFile; fileRef = 539B8D321CFE3DC000B93F85 /* ChattingTableViewController.swift */; };
		539B8D3D1CFE3DEA00B93F85 /* BroadcastMessageTableViewCell.swift in Sources */ = {isa = PBXBuildFile; fileRef = 539B8D341CFE3DEA00B93F85 /* BroadcastMessageTableViewCell.swift */; };
		539B8D3E1CFE3DEA00B93F85 /* ChannelListTableView.swift in Sources */ = {isa = PBXBuildFile; fileRef = 539B8D351CFE3DEA00B93F85 /* ChannelListTableView.swift */; };
		539B8D3F1CFE3DEA00B93F85 /* ChannelTableViewCell.swift in Sources */ = {isa = PBXBuildFile; fileRef = 539B8D361CFE3DEA00B93F85 /* ChannelTableViewCell.swift */; };
		539B8D401CFE3DEA00B93F85 /* ChatMessageInputView.swift in Sources */ = {isa = PBXBuildFile; fileRef = 539B8D371CFE3DEA00B93F85 /* ChatMessageInputView.swift */; };
		539B8D411CFE3DEA00B93F85 /* FileLinkTableViewCell.swift in Sources */ = {isa = PBXBuildFile; fileRef = 539B8D381CFE3DEA00B93F85 /* FileLinkTableViewCell.swift */; };
		539B8D421CFE3DEA00B93F85 /* FileMessageTableViewCell.swift in Sources */ = {isa = PBXBuildFile; fileRef = 539B8D391CFE3DEA00B93F85 /* FileMessageTableViewCell.swift */; };
		539B8D431CFE3DEA00B93F85 /* IndicatorView.swift in Sources */ = {isa = PBXBuildFile; fileRef = 539B8D3A1CFE3DEA00B93F85 /* IndicatorView.swift */; };
		539B8D441CFE3DEA00B93F85 /* MessageTableViewCell.swift in Sources */ = {isa = PBXBuildFile; fileRef = 539B8D3B1CFE3DEA00B93F85 /* MessageTableViewCell.swift */; };
		539B8D451CFE3DEA00B93F85 /* SystemMessageTableViewCell.swift in Sources */ = {isa = PBXBuildFile; fileRef = 539B8D3C1CFE3DEA00B93F85 /* SystemMessageTableViewCell.swift */; };
		539B8D531CFE3E1A00B93F85 /* MemberTableViewCell.swift in Sources */ = {isa = PBXBuildFile; fileRef = 539B8D461CFE3E1A00B93F85 /* MemberTableViewCell.swift */; };
		539B8D541CFE3E1A00B93F85 /* MessageInputView.swift in Sources */ = {isa = PBXBuildFile; fileRef = 539B8D471CFE3E1A00B93F85 /* MessageInputView.swift */; };
		539B8D551CFE3E1A00B93F85 /* MessagingBroadcastMessageTableViewCell.swift in Sources */ = {isa = PBXBuildFile; fileRef = 539B8D481CFE3E1A00B93F85 /* MessagingBroadcastMessageTableViewCell.swift */; };
		539B8D561CFE3E1A00B93F85 /* MessagingChannelTableViewCell.swift in Sources */ = {isa = PBXBuildFile; fileRef = 539B8D491CFE3E1A00B93F85 /* MessagingChannelTableViewCell.swift */; };
		539B8D571CFE3E1A00B93F85 /* MessagingFileLinkTableViewCell.swift in Sources */ = {isa = PBXBuildFile; fileRef = 539B8D4A1CFE3E1A00B93F85 /* MessagingFileLinkTableViewCell.swift */; };
		539B8D581CFE3E1A00B93F85 /* MessagingFileMessageTableViewCell.swift in Sources */ = {isa = PBXBuildFile; fileRef = 539B8D4B1CFE3E1A00B93F85 /* MessagingFileMessageTableViewCell.swift */; };
		539B8D591CFE3E1A00B93F85 /* MessagingIndicatorView.swift in Sources */ = {isa = PBXBuildFile; fileRef = 539B8D4C1CFE3E1A00B93F85 /* MessagingIndicatorView.swift */; };
		539B8D5A1CFE3E1A00B93F85 /* MessagingMessageTableViewCell.swift in Sources */ = {isa = PBXBuildFile; fileRef = 539B8D4D1CFE3E1A00B93F85 /* MessagingMessageTableViewCell.swift */; };
		539B8D5B1CFE3E1A00B93F85 /* MessagingMyFileLinkTableViewCell.swift in Sources */ = {isa = PBXBuildFile; fileRef = 539B8D4E1CFE3E1A00B93F85 /* MessagingMyFileLinkTableViewCell.swift */; };
		539B8D5C1CFE3E1A00B93F85 /* MessagingMyMessageTableViewCell.swift in Sources */ = {isa = PBXBuildFile; fileRef = 539B8D4F1CFE3E1A00B93F85 /* MessagingMyMessageTableViewCell.swift */; };
		539B8D5D1CFE3E1A00B93F85 /* MessagingSystemMessageTableViewCell.swift in Sources */ = {isa = PBXBuildFile; fileRef = 539B8D501CFE3E1A00B93F85 /* MessagingSystemMessageTableViewCell.swift */; };
		539B8D5E1CFE3E1A00B93F85 /* TypingNowView.swift in Sources */ = {isa = PBXBuildFile; fileRef = 539B8D511CFE3E1A00B93F85 /* TypingNowView.swift */; };
		539B8D5F1CFE3E1A00B93F85 /* MessagingTableViewController.swift in Sources */ = {isa = PBXBuildFile; fileRef = 539B8D521CFE3E1A00B93F85 /* MessagingTableViewController.swift */; };
		53B7F91E1CF78237001E07C1 /* WalkthroughViewController.swift in Sources */ = {isa = PBXBuildFile; fileRef = 53B7F91D1CF78237001E07C1 /* WalkthroughViewController.swift */; };
		53B7F9201CF8D797001E07C1 /* WalkthroughQuipSection.swift in Sources */ = {isa = PBXBuildFile; fileRef = 53B7F91F1CF8D797001E07C1 /* WalkthroughQuipSection.swift */; };
		53B7F9221CFB8E79001E07C1 /* NavigationBar.swift in Sources */ = {isa = PBXBuildFile; fileRef = 53B7F9211CFB8E79001E07C1 /* NavigationBar.swift */; };
		53B7F9251CFBB2BD001E07C1 /* MeditationViewController.swift in Sources */ = {isa = PBXBuildFile; fileRef = 53B7F9241CFBB2BD001E07C1 /* MeditationViewController.swift */; };
		53B7F92D1CFBB3C7001E07C1 /* MessagingViewController.swift in Sources */ = {isa = PBXBuildFile; fileRef = 53B7F92C1CFBB3C7001E07C1 /* MessagingViewController.swift */; };
		53B7F92F1CFBB3EA001E07C1 /* HistoricalGraphViewController.swift in Sources */ = {isa = PBXBuildFile; fileRef = 53B7F92E1CFBB3EA001E07C1 /* HistoricalGraphViewController.swift */; };
		53EF96BC1D009AC80037A404 /* MessagingCell.swift in Sources */ = {isa = PBXBuildFile; fileRef = 53EF96BB1D009AC80037A404 /* MessagingCell.swift */; };
		53EF96C51D063ECB0037A404 /* serverQuery.swift in Sources */ = {isa = PBXBuildFile; fileRef = 53EF96C41D063ECB0037A404 /* serverQuery.swift */; };
		53EF96C71D06418D0037A404 /* userInfo.swift in Sources */ = {isa = PBXBuildFile; fileRef = 53EF96C61D06418D0037A404 /* userInfo.swift */; };
		AF7DEA0BC416C58227FAF699 /* Pods_CalmleeTests.framework in Frameworks */ = {isa = PBXBuildFile; fileRef = BE4EF6D7DEC82342A2648CC6 /* Pods_CalmleeTests.framework */; };
		E8FA3F7FD4D6BE1FF0862186 /* Pods_Calmlee.framework in Frameworks */ = {isa = PBXBuildFile; fileRef = 27CD907F9785FED0647EF6BB /* Pods_Calmlee.framework */; };
/* End PBXBuildFile section */

/* Begin PBXContainerItemProxy section */
		5331CD7C1CF21B8900B77A5F /* PBXContainerItemProxy */ = {
			isa = PBXContainerItemProxy;
			containerPortal = 5331CD5F1CF21B8900B77A5F /* Project object */;
			proxyType = 1;
			remoteGlobalIDString = 5331CD661CF21B8900B77A5F;
			remoteInfo = Calmlee;
		};
		5331CD871CF21B8900B77A5F /* PBXContainerItemProxy */ = {
			isa = PBXContainerItemProxy;
			containerPortal = 5331CD5F1CF21B8900B77A5F /* Project object */;
			proxyType = 1;
			remoteGlobalIDString = 5331CD661CF21B8900B77A5F;
			remoteInfo = Calmlee;
		};
/* End PBXContainerItemProxy section */

/* Begin PBXFileReference section */
		10AB0A797EE299090F53D94C /* Pods-Calmlee.release.xcconfig */ = {isa = PBXFileReference; includeInIndex = 1; lastKnownFileType = text.xcconfig; name = "Pods-Calmlee.release.xcconfig"; path = "Pods/Target Support Files/Pods-Calmlee/Pods-Calmlee.release.xcconfig"; sourceTree = "<group>"; };
		1B7F40200B2C0F42D0AF9AB1 /* Pods-Calmlee.debug.xcconfig */ = {isa = PBXFileReference; includeInIndex = 1; lastKnownFileType = text.xcconfig; name = "Pods-Calmlee.debug.xcconfig"; path = "Pods/Target Support Files/Pods-Calmlee/Pods-Calmlee.debug.xcconfig"; sourceTree = "<group>"; };
		27CD907F9785FED0647EF6BB /* Pods_Calmlee.framework */ = {isa = PBXFileReference; explicitFileType = wrapper.framework; includeInIndex = 0; path = Pods_Calmlee.framework; sourceTree = BUILT_PRODUCTS_DIR; };
		4E036FF324ECA65F0B3F0F6E /* Pods-CalmleeUITests.release.xcconfig */ = {isa = PBXFileReference; includeInIndex = 1; lastKnownFileType = text.xcconfig; name = "Pods-CalmleeUITests.release.xcconfig"; path = "Pods/Target Support Files/Pods-CalmleeUITests/Pods-CalmleeUITests.release.xcconfig"; sourceTree = "<group>"; };
		5331856C1D108A52008ED634 /* 2mins-inner-peace-stereo.mp3 */ = {isa = PBXFileReference; lastKnownFileType = audio.mp3; path = "2mins-inner-peace-stereo.mp3"; sourceTree = "<group>"; };
		5331856D1D108A52008ED634 /* 2mins-release-stress-stereo.mp3 */ = {isa = PBXFileReference; lastKnownFileType = audio.mp3; path = "2mins-release-stress-stereo.mp3"; sourceTree = "<group>"; };
		5331CD671CF21B8900B77A5F /* Calmlee.app */ = {isa = PBXFileReference; explicitFileType = wrapper.application; includeInIndex = 0; path = Calmlee.app; sourceTree = BUILT_PRODUCTS_DIR; };
		5331CD6A1CF21B8900B77A5F /* AppDelegate.swift */ = {isa = PBXFileReference; lastKnownFileType = sourcecode.swift; path = AppDelegate.swift; sourceTree = "<group>"; };
		5331CD6C1CF21B8900B77A5F /* ViewController.swift */ = {isa = PBXFileReference; lastKnownFileType = sourcecode.swift; path = ViewController.swift; sourceTree = "<group>"; };
		5331CD711CF21B8900B77A5F /* Assets.xcassets */ = {isa = PBXFileReference; lastKnownFileType = folder.assetcatalog; path = Assets.xcassets; sourceTree = "<group>"; };
		5331CD741CF21B8900B77A5F /* Base */ = {isa = PBXFileReference; lastKnownFileType = file.storyboard; name = Base; path = Base.lproj/LaunchScreen.storyboard; sourceTree = "<group>"; };
		5331CD761CF21B8900B77A5F /* Info.plist */ = {isa = PBXFileReference; lastKnownFileType = text.plist.xml; path = Info.plist; sourceTree = "<group>"; };
		5331CD7B1CF21B8900B77A5F /* CalmleeTests.xctest */ = {isa = PBXFileReference; explicitFileType = wrapper.cfbundle; includeInIndex = 0; path = CalmleeTests.xctest; sourceTree = BUILT_PRODUCTS_DIR; };
		5331CD7F1CF21B8900B77A5F /* CalmleeTests.swift */ = {isa = PBXFileReference; lastKnownFileType = sourcecode.swift; path = CalmleeTests.swift; sourceTree = "<group>"; };
		5331CD811CF21B8900B77A5F /* Info.plist */ = {isa = PBXFileReference; lastKnownFileType = text.plist.xml; path = Info.plist; sourceTree = "<group>"; };
		5331CD861CF21B8900B77A5F /* CalmleeUITests.xctest */ = {isa = PBXFileReference; explicitFileType = wrapper.cfbundle; includeInIndex = 0; path = CalmleeUITests.xctest; sourceTree = BUILT_PRODUCTS_DIR; };
		5331CD8A1CF21B8900B77A5F /* CalmleeUITests.swift */ = {isa = PBXFileReference; lastKnownFileType = sourcecode.swift; path = CalmleeUITests.swift; sourceTree = "<group>"; };
		5331CD8C1CF21B8900B77A5F /* Info.plist */ = {isa = PBXFileReference; lastKnownFileType = text.plist.xml; path = Info.plist; sourceTree = "<group>"; };
		5331CD981CF21D6B00B77A5F /* StressMeter.swift */ = {isa = PBXFileReference; fileEncoding = 4; lastKnownFileType = sourcecode.swift; path = StressMeter.swift; sourceTree = "<group>"; };
		5331CD9F1CF265E800B77A5F /* BandSensorSwift-Bridging-Header.h */ = {isa = PBXFileReference; fileEncoding = 4; lastKnownFileType = sourcecode.c.h; path = "BandSensorSwift-Bridging-Header.h"; sourceTree = "<group>"; };
		5331CDA01CF2666900B77A5F /* CoreBluetooth.framework */ = {isa = PBXFileReference; lastKnownFileType = wrapper.framework; name = CoreBluetooth.framework; path = Platforms/iPhoneOS.platform/Developer/SDKs/iPhoneOS.sdk/System/Library/Frameworks/CoreBluetooth.framework; sourceTree = DEVELOPER_DIR; };
		5331CDA21CF2669800B77A5F /* MicrosoftBandKit_iOS.framework */ = {isa = PBXFileReference; lastKnownFileType = wrapper.framework; path = MicrosoftBandKit_iOS.framework; sourceTree = "<group>"; };
		5331CDA41CF37D8200B77A5F /* SensorComms.swift */ = {isa = PBXFileReference; explicitFileType = sourcecode.swift; fileEncoding = 4; path = SensorComms.swift; sourceTree = "<group>"; };
		5336CFE31D0A0E7D00231B4A /* Notifications.swift */ = {isa = PBXFileReference; fileEncoding = 4; lastKnownFileType = sourcecode.swift; path = Notifications.swift; sourceTree = "<group>"; };
		5336CFE51D0A1B6500231B4A /* stressCSV.swift */ = {isa = PBXFileReference; fileEncoding = 4; lastKnownFileType = sourcecode.swift; path = stressCSV.swift; sourceTree = "<group>"; };
		5336CFE81D0B73DD00231B4A /* MenuViewController.swift */ = {isa = PBXFileReference; fileEncoding = 4; lastKnownFileType = sourcecode.swift; path = MenuViewController.swift; sourceTree = "<group>"; };
		5336CFEA1D0B77F500231B4A /* ProfileInMenuView.swift */ = {isa = PBXFileReference; fileEncoding = 4; lastKnownFileType = sourcecode.swift; path = ProfileInMenuView.swift; sourceTree = "<group>"; };
		534C48961D11F7E400E12D63 /* Charts.framework */ = {isa = PBXFileReference; lastKnownFileType = wrapper.framework; name = Charts.framework; path = "../../../../Library/Developer/Xcode/DerivedData/Calmlee-fogfmrckncjbmleymvckzpevjhae/Build/Products/Debug-iphoneos/Charts/Charts.framework"; sourceTree = "<group>"; };
		534C48981D13451000E12D63 /* calmleeScoreCSV.swift */ = {isa = PBXFileReference; fileEncoding = 4; lastKnownFileType = sourcecode.swift; path = calmleeScoreCSV.swift; sourceTree = "<group>"; };
		535089B91D07637200A15090 /* AFNetworking.framework */ = {isa = PBXFileReference; lastKnownFileType = wrapper.framework; path = AFNetworking.framework; sourceTree = "<group>"; };
		537D38761D0CCD0600749B05 /* SettingsViewController.swift */ = {isa = PBXFileReference; fileEncoding = 4; lastKnownFileType = sourcecode.swift; path = SettingsViewController.swift; sourceTree = "<group>"; };
		537D38781D0D34BF00749B05 /* GenderRadioButton.swift */ = {isa = PBXFileReference; fileEncoding = 4; lastKnownFileType = sourcecode.swift; path = GenderRadioButton.swift; sourceTree = "<group>"; };
		537D387A1D0E069A00749B05 /* RoundedRectangleButton.swift */ = {isa = PBXFileReference; fileEncoding = 4; lastKnownFileType = sourcecode.swift; path = RoundedRectangleButton.swift; sourceTree = "<group>"; };
		5383C43E1D0FE996004836CA /* AudioMeter.swift */ = {isa = PBXFileReference; fileEncoding = 4; lastKnownFileType = sourcecode.swift; path = AudioMeter.swift; sourceTree = "<group>"; };
		5383C4401D0FEB52004836CA /* Main.storyboard */ = {isa = PBXFileReference; fileEncoding = 4; lastKnownFileType = file.storyboard; path = Main.storyboard; sourceTree = "<group>"; };
		538AED9B1CF61A7D00E4A29D /* LoginView.swift */ = {isa = PBXFileReference; fileEncoding = 4; lastKnownFileType = sourcecode.swift; path = LoginView.swift; sourceTree = "<group>"; };
		538AED9D1CF61E9500E4A29D /* LoginDetails.swift */ = {isa = PBXFileReference; fileEncoding = 4; lastKnownFileType = sourcecode.swift; path = LoginDetails.swift; sourceTree = "<group>"; };
		538AED9F1CF6793000E4A29D /* LoginCommunications.swift */ = {isa = PBXFileReference; fileEncoding = 4; lastKnownFileType = sourcecode.swift; path = LoginCommunications.swift; sourceTree = "<group>"; };
		539B8D2C1CFE38BF00B93F85 /* SendBirdChat */ = {isa = PBXFileReference; lastKnownFileType = folder; path = SendBirdChat; sourceTree = "<group>"; };
		539B8D2D1CFE38BF00B93F85 /* SendBirdCommon.swift */ = {isa = PBXFileReference; fileEncoding = 4; lastKnownFileType = sourcecode.swift; path = SendBirdCommon.swift; sourceTree = "<group>"; };
		539B8D2E1CFE38BF00B93F85 /* SendBirdMessaging */ = {isa = PBXFileReference; lastKnownFileType = folder; path = SendBirdMessaging; sourceTree = "<group>"; };
		539B8D321CFE3DC000B93F85 /* ChattingTableViewController.swift */ = {isa = PBXFileReference; fileEncoding = 4; lastKnownFileType = sourcecode.swift; name = ChattingTableViewController.swift; path = SendBirdChat/ViewController/ChattingTableViewController.swift; sourceTree = "<group>"; };
		539B8D341CFE3DEA00B93F85 /* BroadcastMessageTableViewCell.swift */ = {isa = PBXFileReference; fileEncoding = 4; lastKnownFileType = sourcecode.swift; name = BroadcastMessageTableViewCell.swift; path = SendBirdChat/View/BroadcastMessageTableViewCell.swift; sourceTree = "<group>"; };
		539B8D351CFE3DEA00B93F85 /* ChannelListTableView.swift */ = {isa = PBXFileReference; fileEncoding = 4; lastKnownFileType = sourcecode.swift; name = ChannelListTableView.swift; path = SendBirdChat/View/ChannelListTableView.swift; sourceTree = "<group>"; };
		539B8D361CFE3DEA00B93F85 /* ChannelTableViewCell.swift */ = {isa = PBXFileReference; fileEncoding = 4; lastKnownFileType = sourcecode.swift; name = ChannelTableViewCell.swift; path = SendBirdChat/View/ChannelTableViewCell.swift; sourceTree = "<group>"; };
		539B8D371CFE3DEA00B93F85 /* ChatMessageInputView.swift */ = {isa = PBXFileReference; fileEncoding = 4; lastKnownFileType = sourcecode.swift; name = ChatMessageInputView.swift; path = SendBirdChat/View/ChatMessageInputView.swift; sourceTree = "<group>"; };
		539B8D381CFE3DEA00B93F85 /* FileLinkTableViewCell.swift */ = {isa = PBXFileReference; fileEncoding = 4; lastKnownFileType = sourcecode.swift; name = FileLinkTableViewCell.swift; path = SendBirdChat/View/FileLinkTableViewCell.swift; sourceTree = "<group>"; };
		539B8D391CFE3DEA00B93F85 /* FileMessageTableViewCell.swift */ = {isa = PBXFileReference; fileEncoding = 4; lastKnownFileType = sourcecode.swift; name = FileMessageTableViewCell.swift; path = SendBirdChat/View/FileMessageTableViewCell.swift; sourceTree = "<group>"; };
		539B8D3A1CFE3DEA00B93F85 /* IndicatorView.swift */ = {isa = PBXFileReference; fileEncoding = 4; lastKnownFileType = sourcecode.swift; name = IndicatorView.swift; path = SendBirdChat/View/IndicatorView.swift; sourceTree = "<group>"; };
		539B8D3B1CFE3DEA00B93F85 /* MessageTableViewCell.swift */ = {isa = PBXFileReference; fileEncoding = 4; lastKnownFileType = sourcecode.swift; name = MessageTableViewCell.swift; path = SendBirdChat/View/MessageTableViewCell.swift; sourceTree = "<group>"; };
		539B8D3C1CFE3DEA00B93F85 /* SystemMessageTableViewCell.swift */ = {isa = PBXFileReference; fileEncoding = 4; lastKnownFileType = sourcecode.swift; name = SystemMessageTableViewCell.swift; path = SendBirdChat/View/SystemMessageTableViewCell.swift; sourceTree = "<group>"; };
		539B8D461CFE3E1A00B93F85 /* MemberTableViewCell.swift */ = {isa = PBXFileReference; fileEncoding = 4; lastKnownFileType = sourcecode.swift; name = MemberTableViewCell.swift; path = SendBirdMessaging/View/MemberTableViewCell.swift; sourceTree = "<group>"; };
		539B8D471CFE3E1A00B93F85 /* MessageInputView.swift */ = {isa = PBXFileReference; fileEncoding = 4; lastKnownFileType = sourcecode.swift; name = MessageInputView.swift; path = SendBirdMessaging/View/MessageInputView.swift; sourceTree = "<group>"; };
		539B8D481CFE3E1A00B93F85 /* MessagingBroadcastMessageTableViewCell.swift */ = {isa = PBXFileReference; fileEncoding = 4; lastKnownFileType = sourcecode.swift; name = MessagingBroadcastMessageTableViewCell.swift; path = SendBirdMessaging/View/MessagingBroadcastMessageTableViewCell.swift; sourceTree = "<group>"; };
		539B8D491CFE3E1A00B93F85 /* MessagingChannelTableViewCell.swift */ = {isa = PBXFileReference; fileEncoding = 4; lastKnownFileType = sourcecode.swift; name = MessagingChannelTableViewCell.swift; path = SendBirdMessaging/View/MessagingChannelTableViewCell.swift; sourceTree = "<group>"; };
		539B8D4A1CFE3E1A00B93F85 /* MessagingFileLinkTableViewCell.swift */ = {isa = PBXFileReference; fileEncoding = 4; lastKnownFileType = sourcecode.swift; name = MessagingFileLinkTableViewCell.swift; path = SendBirdMessaging/View/MessagingFileLinkTableViewCell.swift; sourceTree = "<group>"; };
		539B8D4B1CFE3E1A00B93F85 /* MessagingFileMessageTableViewCell.swift */ = {isa = PBXFileReference; fileEncoding = 4; lastKnownFileType = sourcecode.swift; name = MessagingFileMessageTableViewCell.swift; path = SendBirdMessaging/View/MessagingFileMessageTableViewCell.swift; sourceTree = "<group>"; };
		539B8D4C1CFE3E1A00B93F85 /* MessagingIndicatorView.swift */ = {isa = PBXFileReference; fileEncoding = 4; lastKnownFileType = sourcecode.swift; name = MessagingIndicatorView.swift; path = SendBirdMessaging/View/MessagingIndicatorView.swift; sourceTree = "<group>"; };
		539B8D4D1CFE3E1A00B93F85 /* MessagingMessageTableViewCell.swift */ = {isa = PBXFileReference; fileEncoding = 4; lastKnownFileType = sourcecode.swift; name = MessagingMessageTableViewCell.swift; path = SendBirdMessaging/View/MessagingMessageTableViewCell.swift; sourceTree = "<group>"; };
		539B8D4E1CFE3E1A00B93F85 /* MessagingMyFileLinkTableViewCell.swift */ = {isa = PBXFileReference; fileEncoding = 4; lastKnownFileType = sourcecode.swift; name = MessagingMyFileLinkTableViewCell.swift; path = SendBirdMessaging/View/MessagingMyFileLinkTableViewCell.swift; sourceTree = "<group>"; };
		539B8D4F1CFE3E1A00B93F85 /* MessagingMyMessageTableViewCell.swift */ = {isa = PBXFileReference; fileEncoding = 4; lastKnownFileType = sourcecode.swift; name = MessagingMyMessageTableViewCell.swift; path = SendBirdMessaging/View/MessagingMyMessageTableViewCell.swift; sourceTree = "<group>"; };
		539B8D501CFE3E1A00B93F85 /* MessagingSystemMessageTableViewCell.swift */ = {isa = PBXFileReference; fileEncoding = 4; lastKnownFileType = sourcecode.swift; name = MessagingSystemMessageTableViewCell.swift; path = SendBirdMessaging/View/MessagingSystemMessageTableViewCell.swift; sourceTree = "<group>"; };
		539B8D511CFE3E1A00B93F85 /* TypingNowView.swift */ = {isa = PBXFileReference; fileEncoding = 4; lastKnownFileType = sourcecode.swift; name = TypingNowView.swift; path = SendBirdMessaging/View/TypingNowView.swift; sourceTree = "<group>"; };
		539B8D521CFE3E1A00B93F85 /* MessagingTableViewController.swift */ = {isa = PBXFileReference; fileEncoding = 4; lastKnownFileType = sourcecode.swift; name = MessagingTableViewController.swift; path = SendBirdMessaging/ViewController/MessagingTableViewController.swift; sourceTree = "<group>"; };
		53B7F91D1CF78237001E07C1 /* WalkthroughViewController.swift */ = {isa = PBXFileReference; fileEncoding = 4; lastKnownFileType = sourcecode.swift; path = WalkthroughViewController.swift; sourceTree = "<group>"; };
		53B7F91F1CF8D797001E07C1 /* WalkthroughQuipSection.swift */ = {isa = PBXFileReference; fileEncoding = 4; lastKnownFileType = sourcecode.swift; path = WalkthroughQuipSection.swift; sourceTree = "<group>"; };
		53B7F9211CFB8E79001E07C1 /* NavigationBar.swift */ = {isa = PBXFileReference; fileEncoding = 4; lastKnownFileType = sourcecode.swift; path = NavigationBar.swift; sourceTree = "<group>"; };
		53B7F9241CFBB2BD001E07C1 /* MeditationViewController.swift */ = {isa = PBXFileReference; fileEncoding = 4; lastKnownFileType = sourcecode.swift; path = MeditationViewController.swift; sourceTree = "<group>"; };
		53B7F92C1CFBB3C7001E07C1 /* MessagingViewController.swift */ = {isa = PBXFileReference; fileEncoding = 4; lastKnownFileType = sourcecode.swift; path = MessagingViewController.swift; sourceTree = "<group>"; };
		53B7F92E1CFBB3EA001E07C1 /* HistoricalGraphViewController.swift */ = {isa = PBXFileReference; fileEncoding = 4; lastKnownFileType = sourcecode.swift; path = HistoricalGraphViewController.swift; sourceTree = "<group>"; };
		53EF96BB1D009AC80037A404 /* MessagingCell.swift */ = {isa = PBXFileReference; fileEncoding = 4; lastKnownFileType = sourcecode.swift; path = MessagingCell.swift; sourceTree = "<group>"; };
		53EF96C41D063ECB0037A404 /* serverQuery.swift */ = {isa = PBXFileReference; fileEncoding = 4; lastKnownFileType = sourcecode.swift; path = serverQuery.swift; sourceTree = "<group>"; };
		53EF96C61D06418D0037A404 /* userInfo.swift */ = {isa = PBXFileReference; fileEncoding = 4; lastKnownFileType = sourcecode.swift; path = userInfo.swift; sourceTree = "<group>"; };
		876B67E7FB9662A79AF83EBE /* Pods-CalmleeTests.debug.xcconfig */ = {isa = PBXFileReference; includeInIndex = 1; lastKnownFileType = text.xcconfig; name = "Pods-CalmleeTests.debug.xcconfig"; path = "Pods/Target Support Files/Pods-CalmleeTests/Pods-CalmleeTests.debug.xcconfig"; sourceTree = "<group>"; };
		A323759D666AE5FF01A8BF78 /* Pods-CalmleeTests.release.xcconfig */ = {isa = PBXFileReference; includeInIndex = 1; lastKnownFileType = text.xcconfig; name = "Pods-CalmleeTests.release.xcconfig"; path = "Pods/Target Support Files/Pods-CalmleeTests/Pods-CalmleeTests.release.xcconfig"; sourceTree = "<group>"; };
		BE4EF6D7DEC82342A2648CC6 /* Pods_CalmleeTests.framework */ = {isa = PBXFileReference; explicitFileType = wrapper.framework; includeInIndex = 0; path = Pods_CalmleeTests.framework; sourceTree = BUILT_PRODUCTS_DIR; };
		C6751BC6F2726DE8046FCABC /* Pods-CalmleeUITests.debug.xcconfig */ = {isa = PBXFileReference; includeInIndex = 1; lastKnownFileType = text.xcconfig; name = "Pods-CalmleeUITests.debug.xcconfig"; path = "Pods/Target Support Files/Pods-CalmleeUITests/Pods-CalmleeUITests.debug.xcconfig"; sourceTree = "<group>"; };
		F608CB24E5C5DD4AA882FD84 /* Pods_CalmleeUITests.framework */ = {isa = PBXFileReference; explicitFileType = wrapper.framework; includeInIndex = 0; path = Pods_CalmleeUITests.framework; sourceTree = BUILT_PRODUCTS_DIR; };
/* End PBXFileReference section */

/* Begin PBXFrameworksBuildPhase section */
		5331CD641CF21B8900B77A5F /* Frameworks */ = {
			isa = PBXFrameworksBuildPhase;
			buildActionMask = 2147483647;
			files = (
				534C48971D11F7E400E12D63 /* Charts.framework in Frameworks */,
				5331CDA11CF2666900B77A5F /* CoreBluetooth.framework in Frameworks */,
				535089BA1D07637200A15090 /* AFNetworking.framework in Frameworks */,
				5331CDA31CF2669800B77A5F /* MicrosoftBandKit_iOS.framework in Frameworks */,
				E8FA3F7FD4D6BE1FF0862186 /* Pods_Calmlee.framework in Frameworks */,
			);
			runOnlyForDeploymentPostprocessing = 0;
		};
		5331CD781CF21B8900B77A5F /* Frameworks */ = {
			isa = PBXFrameworksBuildPhase;
			buildActionMask = 2147483647;
			files = (
				AF7DEA0BC416C58227FAF699 /* Pods_CalmleeTests.framework in Frameworks */,
			);
			runOnlyForDeploymentPostprocessing = 0;
		};
		5331CD831CF21B8900B77A5F /* Frameworks */ = {
			isa = PBXFrameworksBuildPhase;
			buildActionMask = 2147483647;
			files = (
				348F0AD667A5532ADB4D0040 /* Pods_CalmleeUITests.framework in Frameworks */,
			);
			runOnlyForDeploymentPostprocessing = 0;
		};
/* End PBXFrameworksBuildPhase section */

/* Begin PBXGroup section */
		5331856B1D108A03008ED634 /* AudioTracks */ = {
			isa = PBXGroup;
			children = (
				5331856C1D108A52008ED634 /* 2mins-inner-peace-stereo.mp3 */,
				5331856D1D108A52008ED634 /* 2mins-release-stress-stereo.mp3 */,
			);
			name = AudioTracks;
			sourceTree = "<group>";
		};
		5331CD5E1CF21B8900B77A5F = {
			isa = PBXGroup;
			children = (
				539B8D601CFE3E7800B93F85 /* SendBird */,
				539B8D2C1CFE38BF00B93F85 /* SendBirdChat */,
				539B8D2E1CFE38BF00B93F85 /* SendBirdMessaging */,
				5331CD9E1CF2659300B77A5F /* Framework */,
				5331CD691CF21B8900B77A5F /* Calmlee */,
				5331CD731CF21B8900B77A5F /* LaunchScreen.storyboard */,
				5331CD7E1CF21B8900B77A5F /* CalmleeTests */,
				5331CD891CF21B8900B77A5F /* CalmleeUITests */,
				5331CD681CF21B8900B77A5F /* Products */,
				D1946087D047F800EAF56A66 /* Pods */,
				F753660665F02B1FBE5A676B /* Frameworks */,
			);
			sourceTree = "<group>";
		};
		5331CD681CF21B8900B77A5F /* Products */ = {
			isa = PBXGroup;
			children = (
				5331CD671CF21B8900B77A5F /* Calmlee.app */,
				5331CD7B1CF21B8900B77A5F /* CalmleeTests.xctest */,
				5331CD861CF21B8900B77A5F /* CalmleeUITests.xctest */,
			);
			name = Products;
			sourceTree = "<group>";
		};
		5331CD691CF21B8900B77A5F /* Calmlee */ = {
			isa = PBXGroup;
			children = (
				5331CD6A1CF21B8900B77A5F /* AppDelegate.swift */,
				5331CD711CF21B8900B77A5F /* Assets.xcassets */,
				5331CD761CF21B8900B77A5F /* Info.plist */,
				5383C4401D0FEB52004836CA /* Main.storyboard */,
				53B7F9211CFB8E79001E07C1 /* NavigationBar.swift */,
				5331856B1D108A03008ED634 /* AudioTracks */,
				53B7F9281CFBB306001E07C1 /* CalmleeMeter */,
				53B7F92A1CFBB3AB001E07C1 /* HistoricalGraph */,
				53B7F9271CFBB2F3001E07C1 /* LoginRegistration */,
				53B7F9231CFBB292001E07C1 /* Meditation */,
				53B7F92B1CFBB3B4001E07C1 /* Messaging */,
				53EF96C31D063EB20037A404 /* MySQL */,
				5336CFE71D0B73AB00231B4A /* Menu and Settings */,
				53B7F9291CFBB322001E07C1 /* Sensors and Neural Network */,
				53B7F9261CFBB2DC001E07C1 /* Walkthrough */,
			);
			path = Calmlee;
			sourceTree = "<group>";
		};
		5331CD7E1CF21B8900B77A5F /* CalmleeTests */ = {
			isa = PBXGroup;
			children = (
				5331CD7F1CF21B8900B77A5F /* CalmleeTests.swift */,
				5331CD811CF21B8900B77A5F /* Info.plist */,
			);
			path = CalmleeTests;
			sourceTree = "<group>";
		};
		5331CD891CF21B8900B77A5F /* CalmleeUITests */ = {
			isa = PBXGroup;
			children = (
				5331CD8A1CF21B8900B77A5F /* CalmleeUITests.swift */,
				5331CD8C1CF21B8900B77A5F /* Info.plist */,
			);
			path = CalmleeUITests;
			sourceTree = "<group>";
		};
		5331CD9E1CF2659300B77A5F /* Framework */ = {
			isa = PBXGroup;
			children = (
				5331CDA21CF2669800B77A5F /* MicrosoftBandKit_iOS.framework */,
				5331CDA01CF2666900B77A5F /* CoreBluetooth.framework */,
			);
			name = Framework;
			sourceTree = "<group>";
		};
		5336CFE71D0B73AB00231B4A /* Menu and Settings */ = {
			isa = PBXGroup;
			children = (
				5336CFE81D0B73DD00231B4A /* MenuViewController.swift */,
				5336CFEA1D0B77F500231B4A /* ProfileInMenuView.swift */,
				537D38761D0CCD0600749B05 /* SettingsViewController.swift */,
				537D38781D0D34BF00749B05 /* GenderRadioButton.swift */,
				537D387A1D0E069A00749B05 /* RoundedRectangleButton.swift */,
			);
			name = "Menu and Settings";
			sourceTree = "<group>";
		};
		539B8D601CFE3E7800B93F85 /* SendBird */ = {
			isa = PBXGroup;
			children = (
				539B8D461CFE3E1A00B93F85 /* MemberTableViewCell.swift */,
				539B8D471CFE3E1A00B93F85 /* MessageInputView.swift */,
				539B8D481CFE3E1A00B93F85 /* MessagingBroadcastMessageTableViewCell.swift */,
				539B8D491CFE3E1A00B93F85 /* MessagingChannelTableViewCell.swift */,
				539B8D4A1CFE3E1A00B93F85 /* MessagingFileLinkTableViewCell.swift */,
				539B8D4B1CFE3E1A00B93F85 /* MessagingFileMessageTableViewCell.swift */,
				539B8D4C1CFE3E1A00B93F85 /* MessagingIndicatorView.swift */,
				539B8D4D1CFE3E1A00B93F85 /* MessagingMessageTableViewCell.swift */,
				539B8D4E1CFE3E1A00B93F85 /* MessagingMyFileLinkTableViewCell.swift */,
				539B8D4F1CFE3E1A00B93F85 /* MessagingMyMessageTableViewCell.swift */,
				539B8D501CFE3E1A00B93F85 /* MessagingSystemMessageTableViewCell.swift */,
				539B8D511CFE3E1A00B93F85 /* TypingNowView.swift */,
				539B8D521CFE3E1A00B93F85 /* MessagingTableViewController.swift */,
				539B8D321CFE3DC000B93F85 /* ChattingTableViewController.swift */,
				539B8D361CFE3DEA00B93F85 /* ChannelTableViewCell.swift */,
				539B8D341CFE3DEA00B93F85 /* BroadcastMessageTableViewCell.swift */,
				539B8D351CFE3DEA00B93F85 /* ChannelListTableView.swift */,
				539B8D371CFE3DEA00B93F85 /* ChatMessageInputView.swift */,
				539B8D381CFE3DEA00B93F85 /* FileLinkTableViewCell.swift */,
				539B8D391CFE3DEA00B93F85 /* FileMessageTableViewCell.swift */,
				539B8D3A1CFE3DEA00B93F85 /* IndicatorView.swift */,
				539B8D3B1CFE3DEA00B93F85 /* MessageTableViewCell.swift */,
				539B8D3C1CFE3DEA00B93F85 /* SystemMessageTableViewCell.swift */,
				539B8D2D1CFE38BF00B93F85 /* SendBirdCommon.swift */,
			);
			name = SendBird;
			sourceTree = "<group>";
		};
		53B7F9231CFBB292001E07C1 /* Meditation */ = {
			isa = PBXGroup;
			children = (
				53B7F9241CFBB2BD001E07C1 /* MeditationViewController.swift */,
				5383C43E1D0FE996004836CA /* AudioMeter.swift */,
			);
			name = Meditation;
			sourceTree = "<group>";
		};
		53B7F9261CFBB2DC001E07C1 /* Walkthrough */ = {
			isa = PBXGroup;
			children = (
				53B7F91D1CF78237001E07C1 /* WalkthroughViewController.swift */,
				53B7F91F1CF8D797001E07C1 /* WalkthroughQuipSection.swift */,
			);
			name = Walkthrough;
			sourceTree = "<group>";
		};
		53B7F9271CFBB2F3001E07C1 /* LoginRegistration */ = {
			isa = PBXGroup;
			children = (
				538AED9B1CF61A7D00E4A29D /* LoginView.swift */,
				538AED9D1CF61E9500E4A29D /* LoginDetails.swift */,
				538AED9F1CF6793000E4A29D /* LoginCommunications.swift */,
			);
			name = LoginRegistration;
			sourceTree = "<group>";
		};
		53B7F9281CFBB306001E07C1 /* CalmleeMeter */ = {
			isa = PBXGroup;
			children = (
				5331CD6C1CF21B8900B77A5F /* ViewController.swift */,
				5331CD981CF21D6B00B77A5F /* StressMeter.swift */,
			);
			name = CalmleeMeter;
			sourceTree = "<group>";
		};
		53B7F9291CFBB322001E07C1 /* Sensors and Neural Network */ = {
			isa = PBXGroup;
			children = (
				5331CD9F1CF265E800B77A5F /* BandSensorSwift-Bridging-Header.h */,
				5331CDA41CF37D8200B77A5F /* SensorComms.swift */,
				5336CFE31D0A0E7D00231B4A /* Notifications.swift */,
				5336CFE51D0A1B6500231B4A /* stressCSV.swift */,
				534C48981D13451000E12D63 /* calmleeScoreCSV.swift */,
			);
			name = "Sensors and Neural Network";
			sourceTree = "<group>";
		};
		53B7F92A1CFBB3AB001E07C1 /* HistoricalGraph */ = {
			isa = PBXGroup;
			children = (
				53B7F92E1CFBB3EA001E07C1 /* HistoricalGraphViewController.swift */,
			);
			name = HistoricalGraph;
			sourceTree = "<group>";
		};
		53B7F92B1CFBB3B4001E07C1 /* Messaging */ = {
			isa = PBXGroup;
			children = (
				53B7F92C1CFBB3C7001E07C1 /* MessagingViewController.swift */,
				53EF96BB1D009AC80037A404 /* MessagingCell.swift */,
			);
			name = Messaging;
			sourceTree = "<group>";
		};
		53EF96C31D063EB20037A404 /* MySQL */ = {
			isa = PBXGroup;
			children = (
				53EF96C41D063ECB0037A404 /* serverQuery.swift */,
				53EF96C61D06418D0037A404 /* userInfo.swift */,
			);
			name = MySQL;
			sourceTree = "<group>";
		};
		D1946087D047F800EAF56A66 /* Pods */ = {
			isa = PBXGroup;
			children = (
				1B7F40200B2C0F42D0AF9AB1 /* Pods-Calmlee.debug.xcconfig */,
				10AB0A797EE299090F53D94C /* Pods-Calmlee.release.xcconfig */,
				876B67E7FB9662A79AF83EBE /* Pods-CalmleeTests.debug.xcconfig */,
				A323759D666AE5FF01A8BF78 /* Pods-CalmleeTests.release.xcconfig */,
				C6751BC6F2726DE8046FCABC /* Pods-CalmleeUITests.debug.xcconfig */,
				4E036FF324ECA65F0B3F0F6E /* Pods-CalmleeUITests.release.xcconfig */,
			);
			name = Pods;
			sourceTree = "<group>";
		};
		F753660665F02B1FBE5A676B /* Frameworks */ = {
			isa = PBXGroup;
			children = (
				534C48961D11F7E400E12D63 /* Charts.framework */,
				535089B91D07637200A15090 /* AFNetworking.framework */,
				27CD907F9785FED0647EF6BB /* Pods_Calmlee.framework */,
				BE4EF6D7DEC82342A2648CC6 /* Pods_CalmleeTests.framework */,
				F608CB24E5C5DD4AA882FD84 /* Pods_CalmleeUITests.framework */,
			);
			name = Frameworks;
			sourceTree = "<group>";
		};
/* End PBXGroup section */

/* Begin PBXNativeTarget section */
		5331CD661CF21B8900B77A5F /* Calmlee */ = {
			isa = PBXNativeTarget;
			buildConfigurationList = 5331CD8F1CF21B8900B77A5F /* Build configuration list for PBXNativeTarget "Calmlee" */;
			buildPhases = (
				98B282BB291ED82981ACA679 /* [CP] Check Pods Manifest.lock */,
				5331CD631CF21B8900B77A5F /* Sources */,
				5331CD641CF21B8900B77A5F /* Frameworks */,
				5331CD651CF21B8900B77A5F /* Resources */,
				6BB865CB745674AAE80FF6EE /* [CP] Embed Pods Frameworks */,
				32EC35FC5A8FF7EF831687C8 /* [CP] Copy Pods Resources */,
			);
			buildRules = (
			);
			dependencies = (
			);
			name = Calmlee;
			productName = Calmlee;
			productReference = 5331CD671CF21B8900B77A5F /* Calmlee.app */;
			productType = "com.apple.product-type.application";
		};
		5331CD7A1CF21B8900B77A5F /* CalmleeTests */ = {
			isa = PBXNativeTarget;
			buildConfigurationList = 5331CD921CF21B8900B77A5F /* Build configuration list for PBXNativeTarget "CalmleeTests" */;
			buildPhases = (
				4A8FB262A665020610F22389 /* [CP] Check Pods Manifest.lock */,
				5331CD771CF21B8900B77A5F /* Sources */,
				5331CD781CF21B8900B77A5F /* Frameworks */,
				5331CD791CF21B8900B77A5F /* Resources */,
				0BEAF50AC2D22DF9D561E01D /* [CP] Embed Pods Frameworks */,
				01CE53E764494E45D05FD67F /* [CP] Copy Pods Resources */,
			);
			buildRules = (
			);
			dependencies = (
				5331CD7D1CF21B8900B77A5F /* PBXTargetDependency */,
			);
			name = CalmleeTests;
			productName = CalmleeTests;
			productReference = 5331CD7B1CF21B8900B77A5F /* CalmleeTests.xctest */;
			productType = "com.apple.product-type.bundle.unit-test";
		};
		5331CD851CF21B8900B77A5F /* CalmleeUITests */ = {
			isa = PBXNativeTarget;
			buildConfigurationList = 5331CD951CF21B8900B77A5F /* Build configuration list for PBXNativeTarget "CalmleeUITests" */;
			buildPhases = (
				8F43446F6583137EBB7B4107 /* [CP] Check Pods Manifest.lock */,
				5331CD821CF21B8900B77A5F /* Sources */,
				5331CD831CF21B8900B77A5F /* Frameworks */,
				5331CD841CF21B8900B77A5F /* Resources */,
				E75A09200AD97948BF6DDEFD /* [CP] Copy Pods Resources */,
			);
			buildRules = (
			);
			dependencies = (
				5331CD881CF21B8900B77A5F /* PBXTargetDependency */,
			);
			name = CalmleeUITests;
			productName = CalmleeUITests;
			productReference = 5331CD861CF21B8900B77A5F /* CalmleeUITests.xctest */;
			productType = "com.apple.product-type.bundle.ui-testing";
		};
/* End PBXNativeTarget section */

/* Begin PBXProject section */
		5331CD5F1CF21B8900B77A5F /* Project object */ = {
			isa = PBXProject;
			attributes = {
				LastSwiftUpdateCheck = 0730;
				LastUpgradeCheck = 0730;
				ORGANIZATIONNAME = Calmlee;
				TargetAttributes = {
					5331CD661CF21B8900B77A5F = {
						CreatedOnToolsVersion = 7.3;
						DevelopmentTeam = LQG25CTX7K;
						LastSwiftMigration = 0800;
						SystemCapabilities = {
							com.apple.BackgroundModes = {
								enabled = 1;
							};
						};
					};
					5331CD7A1CF21B8900B77A5F = {
						CreatedOnToolsVersion = 7.3;
						DevelopmentTeam = 96LY6JE5R6;
						LastSwiftMigration = 0800;
						TestTargetID = 5331CD661CF21B8900B77A5F;
					};
					5331CD851CF21B8900B77A5F = {
						CreatedOnToolsVersion = 7.3;
						DevelopmentTeam = 96LY6JE5R6;
						LastSwiftMigration = 0800;
						TestTargetID = 5331CD661CF21B8900B77A5F;
					};
				};
			};
			buildConfigurationList = 5331CD621CF21B8900B77A5F /* Build configuration list for PBXProject "Calmlee" */;
			compatibilityVersion = "Xcode 3.2";
			developmentRegion = English;
			hasScannedForEncodings = 0;
			knownRegions = (
				en,
				Base,
			);
			mainGroup = 5331CD5E1CF21B8900B77A5F;
			productRefGroup = 5331CD681CF21B8900B77A5F /* Products */;
			projectDirPath = "";
			projectRoot = "";
			targets = (
				5331CD661CF21B8900B77A5F /* Calmlee */,
				5331CD7A1CF21B8900B77A5F /* CalmleeTests */,
				5331CD851CF21B8900B77A5F /* CalmleeUITests */,
			);
		};
/* End PBXProject section */

/* Begin PBXResourcesBuildPhase section */
		5331CD651CF21B8900B77A5F /* Resources */ = {
			isa = PBXResourcesBuildPhase;
			buildActionMask = 2147483647;
			files = (
				5331CD751CF21B8900B77A5F /* LaunchScreen.storyboard in Resources */,
				5331CD721CF21B8900B77A5F /* Assets.xcassets in Resources */,
				539B8D311CFE38BF00B93F85 /* SendBirdMessaging in Resources */,
				5383C4411D0FEB52004836CA /* Main.storyboard in Resources */,
				5331856F1D108A52008ED634 /* 2mins-release-stress-stereo.mp3 in Resources */,
				5331856E1D108A52008ED634 /* 2mins-inner-peace-stereo.mp3 in Resources */,
				539B8D2F1CFE38BF00B93F85 /* SendBirdChat in Resources */,
			);
			runOnlyForDeploymentPostprocessing = 0;
		};
		5331CD791CF21B8900B77A5F /* Resources */ = {
			isa = PBXResourcesBuildPhase;
			buildActionMask = 2147483647;
			files = (
			);
			runOnlyForDeploymentPostprocessing = 0;
		};
		5331CD841CF21B8900B77A5F /* Resources */ = {
			isa = PBXResourcesBuildPhase;
			buildActionMask = 2147483647;
			files = (
			);
			runOnlyForDeploymentPostprocessing = 0;
		};
/* End PBXResourcesBuildPhase section */

/* Begin PBXShellScriptBuildPhase section */
		01CE53E764494E45D05FD67F /* [CP] Copy Pods Resources */ = {
			isa = PBXShellScriptBuildPhase;
			buildActionMask = 2147483647;
			files = (
			);
			inputPaths = (
			);
			name = "[CP] Copy Pods Resources";
			outputPaths = (
			);
			runOnlyForDeploymentPostprocessing = 0;
			shellPath = /bin/sh;
			shellScript = "\"${SRCROOT}/Pods/Target Support Files/Pods-CalmleeTests/Pods-CalmleeTests-resources.sh\"\n";
			showEnvVarsInLog = 0;
		};
		0BEAF50AC2D22DF9D561E01D /* [CP] Embed Pods Frameworks */ = {
			isa = PBXShellScriptBuildPhase;
			buildActionMask = 2147483647;
			files = (
			);
			inputPaths = (
			);
			name = "[CP] Embed Pods Frameworks";
			outputPaths = (
			);
			runOnlyForDeploymentPostprocessing = 0;
			shellPath = /bin/sh;
			shellScript = "\"${SRCROOT}/Pods/Target Support Files/Pods-CalmleeTests/Pods-CalmleeTests-frameworks.sh\"\n";
			showEnvVarsInLog = 0;
		};
		32EC35FC5A8FF7EF831687C8 /* [CP] Copy Pods Resources */ = {
			isa = PBXShellScriptBuildPhase;
			buildActionMask = 2147483647;
			files = (
			);
			inputPaths = (
			);
			name = "[CP] Copy Pods Resources";
			outputPaths = (
			);
			runOnlyForDeploymentPostprocessing = 0;
			shellPath = /bin/sh;
			shellScript = "\"${SRCROOT}/Pods/Target Support Files/Pods-Calmlee/Pods-Calmlee-resources.sh\"\n";
			showEnvVarsInLog = 0;
		};
		4A8FB262A665020610F22389 /* [CP] Check Pods Manifest.lock */ = {
			isa = PBXShellScriptBuildPhase;
			buildActionMask = 2147483647;
			files = (
			);
			inputPaths = (
			);
			name = "[CP] Check Pods Manifest.lock";
			outputPaths = (
			);
			runOnlyForDeploymentPostprocessing = 0;
			shellPath = /bin/sh;
			shellScript = "diff \"${PODS_ROOT}/../Podfile.lock\" \"${PODS_ROOT}/Manifest.lock\" > /dev/null\nif [[ $? != 0 ]] ; then\n    cat << EOM\nerror: The sandbox is not in sync with the Podfile.lock. Run 'pod install' or update your CocoaPods installation.\nEOM\n    exit 1\nfi\n";
			showEnvVarsInLog = 0;
		};
		6BB865CB745674AAE80FF6EE /* [CP] Embed Pods Frameworks */ = {
			isa = PBXShellScriptBuildPhase;
			buildActionMask = 2147483647;
			files = (
			);
			inputPaths = (
			);
			name = "[CP] Embed Pods Frameworks";
			outputPaths = (
			);
			runOnlyForDeploymentPostprocessing = 0;
			shellPath = /bin/sh;
			shellScript = "\"${SRCROOT}/Pods/Target Support Files/Pods-Calmlee/Pods-Calmlee-frameworks.sh\"\n";
			showEnvVarsInLog = 0;
		};
		8F43446F6583137EBB7B4107 /* [CP] Check Pods Manifest.lock */ = {
			isa = PBXShellScriptBuildPhase;
			buildActionMask = 2147483647;
			files = (
			);
			inputPaths = (
			);
			name = "[CP] Check Pods Manifest.lock";
			outputPaths = (
			);
			runOnlyForDeploymentPostprocessing = 0;
			shellPath = /bin/sh;
			shellScript = "diff \"${PODS_ROOT}/../Podfile.lock\" \"${PODS_ROOT}/Manifest.lock\" > /dev/null\nif [[ $? != 0 ]] ; then\n    cat << EOM\nerror: The sandbox is not in sync with the Podfile.lock. Run 'pod install' or update your CocoaPods installation.\nEOM\n    exit 1\nfi\n";
			showEnvVarsInLog = 0;
		};
		98B282BB291ED82981ACA679 /* [CP] Check Pods Manifest.lock */ = {
			isa = PBXShellScriptBuildPhase;
			buildActionMask = 2147483647;
			files = (
			);
			inputPaths = (
			);
			name = "[CP] Check Pods Manifest.lock";
			outputPaths = (
			);
			runOnlyForDeploymentPostprocessing = 0;
			shellPath = /bin/sh;
			shellScript = "diff \"${PODS_ROOT}/../Podfile.lock\" \"${PODS_ROOT}/Manifest.lock\" > /dev/null\nif [[ $? != 0 ]] ; then\n    cat << EOM\nerror: The sandbox is not in sync with the Podfile.lock. Run 'pod install' or update your CocoaPods installation.\nEOM\n    exit 1\nfi\n";
			showEnvVarsInLog = 0;
		};
		E75A09200AD97948BF6DDEFD /* [CP] Copy Pods Resources */ = {
			isa = PBXShellScriptBuildPhase;
			buildActionMask = 2147483647;
			files = (
			);
			inputPaths = (
			);
			name = "[CP] Copy Pods Resources";
			outputPaths = (
			);
			runOnlyForDeploymentPostprocessing = 0;
			shellPath = /bin/sh;
			shellScript = "\"${SRCROOT}/Pods/Target Support Files/Pods-CalmleeUITests/Pods-CalmleeUITests-resources.sh\"\n";
			showEnvVarsInLog = 0;
		};
/* End PBXShellScriptBuildPhase section */

/* Begin PBXSourcesBuildPhase section */
		5331CD631CF21B8900B77A5F /* Sources */ = {
			isa = PBXSourcesBuildPhase;
			buildActionMask = 2147483647;
			files = (
				539B8D561CFE3E1A00B93F85 /* MessagingChannelTableViewCell.swift in Sources */,
				53B7F92F1CFBB3EA001E07C1 /* HistoricalGraphViewController.swift in Sources */,
				539B8D401CFE3DEA00B93F85 /* ChatMessageInputView.swift in Sources */,
				539B8D3E1CFE3DEA00B93F85 /* ChannelListTableView.swift in Sources */,
				539B8D5A1CFE3E1A00B93F85 /* MessagingMessageTableViewCell.swift in Sources */,
				539B8D3D1CFE3DEA00B93F85 /* BroadcastMessageTableViewCell.swift in Sources */,
				539B8D431CFE3DEA00B93F85 /* IndicatorView.swift in Sources */,
				537D387B1D0E069A00749B05 /* RoundedRectangleButton.swift in Sources */,
				539B8D5F1CFE3E1A00B93F85 /* MessagingTableViewController.swift in Sources */,
				537D38771D0CCD0600749B05 /* SettingsViewController.swift in Sources */,
				5336CFE41D0A0E7D00231B4A /* Notifications.swift in Sources */,
				538AED9E1CF61E9500E4A29D /* LoginDetails.swift in Sources */,
				53B7F91E1CF78237001E07C1 /* WalkthroughViewController.swift in Sources */,
				539B8D541CFE3E1A00B93F85 /* MessageInputView.swift in Sources */,
				539B8D421CFE3DEA00B93F85 /* FileMessageTableViewCell.swift in Sources */,
				53EF96BC1D009AC80037A404 /* MessagingCell.swift in Sources */,
				539B8D451CFE3DEA00B93F85 /* SystemMessageTableViewCell.swift in Sources */,
				539B8D3F1CFE3DEA00B93F85 /* ChannelTableViewCell.swift in Sources */,
				5331CD6D1CF21B8900B77A5F /* ViewController.swift in Sources */,
				5331CDA51CF37D8200B77A5F /* SensorComms.swift in Sources */,
				53EF96C51D063ECB0037A404 /* serverQuery.swift in Sources */,
				5331CD991CF21D6B00B77A5F /* StressMeter.swift in Sources */,
				53B7F92D1CFBB3C7001E07C1 /* MessagingViewController.swift in Sources */,
				539B8D411CFE3DEA00B93F85 /* FileLinkTableViewCell.swift in Sources */,
				539B8D531CFE3E1A00B93F85 /* MemberTableViewCell.swift in Sources */,
				534C48991D13451100E12D63 /* calmleeScoreCSV.swift in Sources */,
				53EF96C71D06418D0037A404 /* userInfo.swift in Sources */,
				5383C43F1D0FE996004836CA /* AudioMeter.swift in Sources */,
				539B8D331CFE3DC000B93F85 /* ChattingTableViewController.swift in Sources */,
				53B7F9221CFB8E79001E07C1 /* NavigationBar.swift in Sources */,
				5336CFEB1D0B77F500231B4A /* ProfileInMenuView.swift in Sources */,
				5336CFE61D0A1B6500231B4A /* stressCSV.swift in Sources */,
				539B8D5B1CFE3E1A00B93F85 /* MessagingMyFileLinkTableViewCell.swift in Sources */,
				539B8D5C1CFE3E1A00B93F85 /* MessagingMyMessageTableViewCell.swift in Sources */,
				5336CFE91D0B73DD00231B4A /* MenuViewController.swift in Sources */,
				539B8D581CFE3E1A00B93F85 /* MessagingFileMessageTableViewCell.swift in Sources */,
				539B8D5E1CFE3E1A00B93F85 /* TypingNowView.swift in Sources */,
				539B8D551CFE3E1A00B93F85 /* MessagingBroadcastMessageTableViewCell.swift in Sources */,
				538AED9C1CF61A7D00E4A29D /* LoginView.swift in Sources */,
				539B8D301CFE38BF00B93F85 /* SendBirdCommon.swift in Sources */,
				539B8D591CFE3E1A00B93F85 /* MessagingIndicatorView.swift in Sources */,
				539B8D5D1CFE3E1A00B93F85 /* MessagingSystemMessageTableViewCell.swift in Sources */,
				53B7F9201CF8D797001E07C1 /* WalkthroughQuipSection.swift in Sources */,
				539B8D441CFE3DEA00B93F85 /* MessageTableViewCell.swift in Sources */,
				53B7F9251CFBB2BD001E07C1 /* MeditationViewController.swift in Sources */,
				537D38791D0D34BF00749B05 /* GenderRadioButton.swift in Sources */,
				538AEDA01CF6793000E4A29D /* LoginCommunications.swift in Sources */,
				5331CD6B1CF21B8900B77A5F /* AppDelegate.swift in Sources */,
				539B8D571CFE3E1A00B93F85 /* MessagingFileLinkTableViewCell.swift in Sources */,
			);
			runOnlyForDeploymentPostprocessing = 0;
		};
		5331CD771CF21B8900B77A5F /* Sources */ = {
			isa = PBXSourcesBuildPhase;
			buildActionMask = 2147483647;
			files = (
				5331CD801CF21B8900B77A5F /* CalmleeTests.swift in Sources */,
			);
			runOnlyForDeploymentPostprocessing = 0;
		};
		5331CD821CF21B8900B77A5F /* Sources */ = {
			isa = PBXSourcesBuildPhase;
			buildActionMask = 2147483647;
			files = (
				5331CD8B1CF21B8900B77A5F /* CalmleeUITests.swift in Sources */,
			);
			runOnlyForDeploymentPostprocessing = 0;
		};
/* End PBXSourcesBuildPhase section */

/* Begin PBXTargetDependency section */
		5331CD7D1CF21B8900B77A5F /* PBXTargetDependency */ = {
			isa = PBXTargetDependency;
			target = 5331CD661CF21B8900B77A5F /* Calmlee */;
			targetProxy = 5331CD7C1CF21B8900B77A5F /* PBXContainerItemProxy */;
		};
		5331CD881CF21B8900B77A5F /* PBXTargetDependency */ = {
			isa = PBXTargetDependency;
			target = 5331CD661CF21B8900B77A5F /* Calmlee */;
			targetProxy = 5331CD871CF21B8900B77A5F /* PBXContainerItemProxy */;
		};
/* End PBXTargetDependency section */

/* Begin PBXVariantGroup section */
		5331CD731CF21B8900B77A5F /* LaunchScreen.storyboard */ = {
			isa = PBXVariantGroup;
			children = (
				5331CD741CF21B8900B77A5F /* Base */,
			);
			name = LaunchScreen.storyboard;
			path = Calmlee;
			sourceTree = "<group>";
		};
/* End PBXVariantGroup section */

/* Begin XCBuildConfiguration section */
		5331CD8D1CF21B8900B77A5F /* Debug */ = {
			isa = XCBuildConfiguration;
			buildSettings = {
				ALWAYS_SEARCH_USER_PATHS = NO;
				CLANG_ANALYZER_NONNULL = YES;
				CLANG_CXX_LANGUAGE_STANDARD = "gnu++0x";
				CLANG_CXX_LIBRARY = "libc++";
				CLANG_ENABLE_MODULES = YES;
				CLANG_ENABLE_OBJC_ARC = YES;
				CLANG_WARN_BOOL_CONVERSION = YES;
				CLANG_WARN_CONSTANT_CONVERSION = YES;
				CLANG_WARN_DIRECT_OBJC_ISA_USAGE = YES_ERROR;
				CLANG_WARN_EMPTY_BODY = YES;
				CLANG_WARN_ENUM_CONVERSION = YES;
				CLANG_WARN_INT_CONVERSION = YES;
				CLANG_WARN_OBJC_ROOT_CLASS = YES_ERROR;
				CLANG_WARN_UNREACHABLE_CODE = YES;
				CLANG_WARN__DUPLICATE_METHOD_MATCH = YES;
				"CODE_SIGN_IDENTITY[sdk=iphoneos*]" = "iPhone Developer";
				COPY_PHASE_STRIP = NO;
				DEBUG_INFORMATION_FORMAT = dwarf;
				ENABLE_STRICT_OBJC_MSGSEND = YES;
				ENABLE_TESTABILITY = YES;
				GCC_C_LANGUAGE_STANDARD = gnu99;
				GCC_DYNAMIC_NO_PIC = NO;
				GCC_NO_COMMON_BLOCKS = YES;
				GCC_OPTIMIZATION_LEVEL = 0;
				GCC_PREPROCESSOR_DEFINITIONS = (
					"DEBUG=1",
					"$(inherited)",
				);
				GCC_WARN_64_TO_32_BIT_CONVERSION = YES;
				GCC_WARN_ABOUT_RETURN_TYPE = YES_ERROR;
				GCC_WARN_UNDECLARED_SELECTOR = YES;
				GCC_WARN_UNINITIALIZED_AUTOS = YES_AGGRESSIVE;
				GCC_WARN_UNUSED_FUNCTION = YES;
				GCC_WARN_UNUSED_VARIABLE = YES;
				IPHONEOS_DEPLOYMENT_TARGET = 9.3;
				MTL_ENABLE_DEBUG_INFO = YES;
				ONLY_ACTIVE_ARCH = YES;
				SDKROOT = iphoneos;
				SWIFT_OPTIMIZATION_LEVEL = "-Onone";
			};
			name = Debug;
		};
		5331CD8E1CF21B8900B77A5F /* Release */ = {
			isa = XCBuildConfiguration;
			buildSettings = {
				ALWAYS_SEARCH_USER_PATHS = NO;
				CLANG_ANALYZER_NONNULL = YES;
				CLANG_CXX_LANGUAGE_STANDARD = "gnu++0x";
				CLANG_CXX_LIBRARY = "libc++";
				CLANG_ENABLE_MODULES = YES;
				CLANG_ENABLE_OBJC_ARC = YES;
				CLANG_WARN_BOOL_CONVERSION = YES;
				CLANG_WARN_CONSTANT_CONVERSION = YES;
				CLANG_WARN_DIRECT_OBJC_ISA_USAGE = YES_ERROR;
				CLANG_WARN_EMPTY_BODY = YES;
				CLANG_WARN_ENUM_CONVERSION = YES;
				CLANG_WARN_INT_CONVERSION = YES;
				CLANG_WARN_OBJC_ROOT_CLASS = YES_ERROR;
				CLANG_WARN_UNREACHABLE_CODE = YES;
				CLANG_WARN__DUPLICATE_METHOD_MATCH = YES;
				"CODE_SIGN_IDENTITY[sdk=iphoneos*]" = "iPhone Developer";
				COPY_PHASE_STRIP = NO;
				DEBUG_INFORMATION_FORMAT = "dwarf-with-dsym";
				ENABLE_NS_ASSERTIONS = NO;
				ENABLE_STRICT_OBJC_MSGSEND = YES;
				GCC_C_LANGUAGE_STANDARD = gnu99;
				GCC_NO_COMMON_BLOCKS = YES;
				GCC_WARN_64_TO_32_BIT_CONVERSION = YES;
				GCC_WARN_ABOUT_RETURN_TYPE = YES_ERROR;
				GCC_WARN_UNDECLARED_SELECTOR = YES;
				GCC_WARN_UNINITIALIZED_AUTOS = YES_AGGRESSIVE;
				GCC_WARN_UNUSED_FUNCTION = YES;
				GCC_WARN_UNUSED_VARIABLE = YES;
				IPHONEOS_DEPLOYMENT_TARGET = 9.3;
				MTL_ENABLE_DEBUG_INFO = NO;
				SDKROOT = iphoneos;
				VALIDATE_PRODUCT = YES;
			};
			name = Release;
		};
		5331CD901CF21B8900B77A5F /* Debug */ = {
			isa = XCBuildConfiguration;
			baseConfigurationReference = 1B7F40200B2C0F42D0AF9AB1 /* Pods-Calmlee.debug.xcconfig */;
			buildSettings = {
				ASSETCATALOG_COMPILER_APPICON_NAME = AppIcon;
				CODE_SIGN_IDENTITY = "iPhone Developer";
				ENABLE_BITCODE = NO;
				FRAMEWORK_SEARCH_PATHS = (
					"$(inherited)",
					"$(PROJECT_DIR)",
				);
				INFOPLIST_FILE = Calmlee/Info.plist;
				LD_RUNPATH_SEARCH_PATHS = "$(inherited) @executable_path/Frameworks";
				PRODUCT_BUNDLE_IDENTIFIER = com.calmlee.calmleepregnancy;
				PRODUCT_NAME = "$(TARGET_NAME)";
				SWIFT_OBJC_BRIDGING_HEADER = "Calmlee/BandSensorSwift-Bridging-Header.h";
				SWIFT_VERSION = 2.3;
			};
			name = Debug;
		};
		5331CD911CF21B8900B77A5F /* Release */ = {
			isa = XCBuildConfiguration;
			baseConfigurationReference = 10AB0A797EE299090F53D94C /* Pods-Calmlee.release.xcconfig */;
			buildSettings = {
				ASSETCATALOG_COMPILER_APPICON_NAME = AppIcon;
				CODE_SIGN_IDENTITY = "iPhone Developer";
				ENABLE_BITCODE = NO;
				FRAMEWORK_SEARCH_PATHS = (
					"$(inherited)",
					"$(PROJECT_DIR)",
				);
				INFOPLIST_FILE = Calmlee/Info.plist;
				LD_RUNPATH_SEARCH_PATHS = "$(inherited) @executable_path/Frameworks";
				PRODUCT_BUNDLE_IDENTIFIER = com.calmlee.calmleepregnancy;
				PRODUCT_NAME = "$(TARGET_NAME)";
				SWIFT_OBJC_BRIDGING_HEADER = "Calmlee/BandSensorSwift-Bridging-Header.h";
				SWIFT_VERSION = 2.3;
			};
			name = Release;
		};
		5331CD931CF21B8900B77A5F /* Debug */ = {
			isa = XCBuildConfiguration;
			baseConfigurationReference = 876B67E7FB9662A79AF83EBE /* Pods-CalmleeTests.debug.xcconfig */;
			buildSettings = {
				BUNDLE_LOADER = "$(TEST_HOST)";
				INFOPLIST_FILE = CalmleeTests/Info.plist;
				LD_RUNPATH_SEARCH_PATHS = "$(inherited) @executable_path/Frameworks @loader_path/Frameworks";
				PRODUCT_BUNDLE_IDENTIFIER = CLApp.CalmleeTests;
				PRODUCT_NAME = "$(TARGET_NAME)";
				SWIFT_VERSION = 2.3;
				TEST_HOST = "$(BUILT_PRODUCTS_DIR)/Calmlee.app/Calmlee";
			};
			name = Debug;
		};
		5331CD941CF21B8900B77A5F /* Release */ = {
			isa = XCBuildConfiguration;
			baseConfigurationReference = A323759D666AE5FF01A8BF78 /* Pods-CalmleeTests.release.xcconfig */;
			buildSettings = {
				BUNDLE_LOADER = "$(TEST_HOST)";
				INFOPLIST_FILE = CalmleeTests/Info.plist;
				LD_RUNPATH_SEARCH_PATHS = "$(inherited) @executable_path/Frameworks @loader_path/Frameworks";
				PRODUCT_BUNDLE_IDENTIFIER = CLApp.CalmleeTests;
				PRODUCT_NAME = "$(TARGET_NAME)";
				SWIFT_VERSION = 2.3;
				TEST_HOST = "$(BUILT_PRODUCTS_DIR)/Calmlee.app/Calmlee";
			};
			name = Release;
		};
		5331CD961CF21B8900B77A5F /* Debug */ = {
			isa = XCBuildConfiguration;
			baseConfigurationReference = C6751BC6F2726DE8046FCABC /* Pods-CalmleeUITests.debug.xcconfig */;
			buildSettings = {
				INFOPLIST_FILE = CalmleeUITests/Info.plist;
				LD_RUNPATH_SEARCH_PATHS = "$(inherited) @executable_path/Frameworks @loader_path/Frameworks";
				PRODUCT_BUNDLE_IDENTIFIER = CLApp.CalmleeUITests;
				PRODUCT_NAME = "$(TARGET_NAME)";
				SWIFT_VERSION = 2.3;
				TEST_TARGET_NAME = Calmlee;
			};
			name = Debug;
		};
		5331CD971CF21B8900B77A5F /* Release */ = {
			isa = XCBuildConfiguration;
			baseConfigurationReference = 4E036FF324ECA65F0B3F0F6E /* Pods-CalmleeUITests.release.xcconfig */;
			buildSettings = {
				INFOPLIST_FILE = CalmleeUITests/Info.plist;
				LD_RUNPATH_SEARCH_PATHS = "$(inherited) @executable_path/Frameworks @loader_path/Frameworks";
				PRODUCT_BUNDLE_IDENTIFIER = CLApp.CalmleeUITests;
				PRODUCT_NAME = "$(TARGET_NAME)";
				SWIFT_VERSION = 2.3;
				TEST_TARGET_NAME = Calmlee;
			};
			name = Release;
		};
/* End XCBuildConfiguration section */

/* Begin XCConfigurationList section */
		5331CD621CF21B8900B77A5F /* Build configuration list for PBXProject "Calmlee" */ = {
			isa = XCConfigurationList;
			buildConfigurations = (
				5331CD8D1CF21B8900B77A5F /* Debug */,
				5331CD8E1CF21B8900B77A5F /* Release */,
			);
			defaultConfigurationIsVisible = 0;
			defaultConfigurationName = Release;
		};
		5331CD8F1CF21B8900B77A5F /* Build configuration list for PBXNativeTarget "Calmlee" */ = {
			isa = XCConfigurationList;
			buildConfigurations = (
				5331CD901CF21B8900B77A5F /* Debug */,
				5331CD911CF21B8900B77A5F /* Release */,
			);
			defaultConfigurationIsVisible = 0;
			defaultConfigurationName = Release;
		};
		5331CD921CF21B8900B77A5F /* Build configuration list for PBXNativeTarget "CalmleeTests" */ = {
			isa = XCConfigurationList;
			buildConfigurations = (
				5331CD931CF21B8900B77A5F /* Debug */,
				5331CD941CF21B8900B77A5F /* Release */,
			);
			defaultConfigurationIsVisible = 0;
			defaultConfigurationName = Release;
		};
		5331CD951CF21B8900B77A5F /* Build configuration list for PBXNativeTarget "CalmleeUITests" */ = {
			isa = XCConfigurationList;
			buildConfigurations = (
				5331CD961CF21B8900B77A5F /* Debug */,
				5331CD971CF21B8900B77A5F /* Release */,
			);
			defaultConfigurationIsVisible = 0;
			defaultConfigurationName = Release;
		};
/* End XCConfigurationList section */
	};
	rootObject = 5331CD5F1CF21B8900B77A5F /* Project object */;
}
